
Microsoft Visual Studio Solution File, Format Version 12.00
# Visual Studio Version 16
VisualStudioVersion = 16.0.30011.22
MinimumVisualStudioVersion = 10.0.40219.1
Project("{FAE04EC0-301F-11D3-BF4B-00C04F79EFBC}") = "Client", "Client\Client.csproj", "{4E9075C1-F618-4905-BFA4-9443786A05ED}"
EndProject
Global
	GlobalSection(SolutionConfigurationPlatforms) = preSolution
		Debug|Any CPU = Debug|Any CPU
		Release|Any CPU = Release|Any CPU
	EndGlobalSection
	GlobalSection(ProjectConfigurationPlatforms) = postSolution
		{4E9075C1-F618-4905-BFA4-9443786A05ED}.Debug|Any CPU.ActiveCfg = Debug|Any CPU
		{4E9075C1-F618-4905-BFA4-9443786A05ED}.Debug|Any CPU.Build.0 = Debug|Any CPU
		{4E9075C1-F618-4905-BFA4-9443786A05ED}.Release|Any CPU.ActiveCfg = Release|Any CPU
		{4E9075C1-F618-4905-BFA4-9443786A05ED}.Release|Any CPU.Build.0 = Release|Any CPU
	EndGlobalSection
	GlobalSection(SolutionProperties) = preSolution
		HideSolutionNode = FALSE
	EndGlobalSection
	GlobalSection(ExtensibilityGlobals) = postSolution
		SolutionGuid = {9546F152-90D5-49D1-B037-37BB2EAA38E7}
	EndGlobalSection
EndGlobal
